
Microsoft Visual Studio Solution File, Format Version 12.00
# Visual Studio 2012
Project("{888888A0-9F3D-457C-B088-3A5042F75D52}") = "client", "client.pyproj", "{C8148C95-09AA-45CD-951D-42EC2CB89D7A}"
EndProject
Project("{888888A0-9F3D-457C-B088-3A5042F75D52}") = "server", "server.pyproj", "{CE5EC8D1-6EF9-45D5-8B32-381EC3B9474F}"
EndProject
Global
	GlobalSection(SolutionConfigurationPlatforms) = preSolution
		Debug|Any CPU = Debug|Any CPU
		Release|Any CPU = Release|Any CPU
	EndGlobalSection
	GlobalSection(ProjectConfigurationPlatforms) = postSolution
		{C8148C95-09AA-45CD-951D-42EC2CB89D7A}.Debug|Any CPU.ActiveCfg = Debug|Any CPU
		{C8148C95-09AA-45CD-951D-42EC2CB89D7A}.Release|Any CPU.ActiveCfg = Release|Any CPU
		{CE5EC8D1-6EF9-45D5-8B32-381EC3B9474F}.Debug|Any CPU.ActiveCfg = Debug|Any CPU
		{CE5EC8D1-6EF9-45D5-8B32-381EC3B9474F}.Release|Any CPU.ActiveCfg = Release|Any CPU
	EndGlobalSection
	GlobalSection(SolutionProperties) = preSolution
		HideSolutionNode = FALSE
	EndGlobalSection
EndGlobal
